github.com/aws/aws-lambda-go v1.54.0 h1:EGYpdyRGF88xszqlGcBewz811mJeRS+maNlLZXFheII=
github.com/aws/aws-lambda-go v1.54.0/go.mod h1:dpMpZgvWx5vuQJfBt0zqBha60q7Dd7RfgJv23DymV8A=
github.com/aws/aws-sdk-go-v2 v1.43.2 h1:cl+IXwWb3qazClUcm08tGSsB6OiuV83JVJO9B0jQcPc=
github.com/aws/aws-sdk-go-v2 v1.43.2/go.mod h1:WEzLKBh/mEjXvx1FtQMWgSxMSTVqxQzjkRtk5fa3wkg=
github.com/aws/aws-sdk-go-v2/config v1.32.31 h1:n4nY9O3QKoHIkL85EX+V8RcMFtOhlpTFhGArg915PXk=
github.com/aws/aws-sdk-go-v2/config v1.32.31/go.mod h1:PN0NYDCCoOpGGsZ2+elDUidmHfQBPyYzN2GCgl8HEBs=
github.com/aws/aws-sdk-go-v2/credentials v1.19.30 h1:TTCvvzFU6gXa4iJecNG/0F/B0oYTiazoRECr2XyLHrY=
github.com/aws/aws-sdk-go-v2/credentials v1.19.30/go.mod h1:jKxAp2AEncnliinzpgOSZDFv6+VjvWhjw/AtbfsWT9U=
github.com/aws/aws-sdk-go-v2/feature/ec2/imds v1.18.31 h1:kfVL5wAunCJycL6MOQ6aNh6PlAYEymflcjuKmrWUA0o=
github.com/aws/aws-sdk-go-v2/feature/ec2/imds v1.18.31/go.mod h1:nWfRNDAppujCQgOUd43lKT4yeLv9z3nJ3bw1G3BgQKo=
github.com/aws/aws-sdk-go-v2/internal/configsources v1.4.33 h1:HAp1wLFZzch054uh3FK7rcVYg4v7J2FxVf3h3IGNZas=
github.com/aws/aws-sdk-go-v2/internal/configsources v1.4.33/go.mod h1:mJk5fmqnF+WUlMdPG37pR2Fh3oh6r8F6ZGUgPKvzu0c=
github.com/aws/aws-sdk-go-v2/internal/endpoints/v2 v2.7.33 h1:0YA0aCKgsJyno6xkFfaIgjE3/wK08+Qxo9nQfe1UrWM=
github.com/aws/aws-sdk-go-v2/internal/endpoints/v2 v2.7.33/go.mod h1:UZqj4WIdTH+ga8Y/DgpAuy/8cGjM3h7gDCliJYGg2SE=
github.com/aws/aws-sdk-go-v2/internal/v4a v1.4.32 h1:0MrUL35H/Y4kdFfItoR5jCgtDQ4Z/8LudAoIHRfA4hE=
github.com/aws/aws-sdk-go-v2/internal/v4a v1.4.32/go.mod h1:2tNZkuWz54arj8mHVf+8Y7cKkcD8Wr/fBpENgEXpjLc=
github.com/aws/aws-sdk-go-v2/service/dynamodb v1.62.2 h1:Eq7mCqHwVCHp9NM3hrJCH+qIO/XlSDbzcux5iWqeBRA=
github.com/aws/aws-sdk-go-v2/service/dynamodb v1.62.2/go.mod h1:WXr7sZ4MwgaXGpCYE5x1rhINyablykBgq/sox8unPE8=
github.com/aws/aws-sdk-go-v2/service/internal/accept-encoding v1.13.14 h1:SA43nfaY7+1jjMNIc2ywu99JLJLButtIdLP6j+bT870=
github.com/aws/aws-sdk-go-v2/service/internal/accept-encoding v1.13.14/go.mod h1:Du3llKcwbQvHsTXSLzTOGQz0DTDBMEzdg7DAGu7inrY=
github.com/aws/aws-sdk-go-v2/service/internal/endpoint-discovery v1.12.10 h1:U8hxZsENJZxEh2eWWB6oMnrHr79w1R26zq5etHs2nFI=
github.com/aws/aws-sdk-go-v2/service/internal/endpoint-discovery v1.12.10/go.mod h1:Jg9IjNpuLATk1QdxkiJfBpUCfr69mSRozAlKPTjnmx4=
github.com/aws/aws-sdk-go-v2/service/internal/presigned-url v1.13.31 h1:w2SIhW92DZPFrSL4ksVCr8IYff5OZwIcxg8+95tzvAI=
github.com/aws/aws-sdk-go-v2/service/internal/presigned-url v1.13.31/go.mod h1:wAhpCQbkov+IcvjozJbd2xRCoZybUEHNkcFunssNACg=
github.com/aws/aws-sdk-go-v2/service/kms v1.55.0 h1:uB8ymkVosyourmGXCZHyWhJ4wuKA4xq3ii2dVMPtBZY=
github.com/aws/aws-sdk-go-v2/service/kms v1.55.0/go.mod h1:rK4RITSY/qJw3qVJ7p19fceOWuvrisqqOChFkX05n5I=
github.com/aws/aws-sdk-go-v2/service/signin v1.5.0 h1:OHH5iTQvVGmfHjX/5Q+vFuA/Rf2x6/95aJ/75QCQSm4=
github.com/aws/aws-sdk-go-v2/service/signin v1.5.0/go.mod h1:mCF3AK9PpL49oOrhniUXWAfhVBVQ/XbytoE5eccZUIs=
github.com/aws/aws-sdk-go-v2/service/sso v1.33.0 h1:CaJyYhxBE0M/HJX/YvSaSmQlsI91VHB0lKU8LtLxL3A=
github.com/aws/aws-sdk-go-v2/service/sso v1.33.0/go.mod h1:+e6BMRMPjBQoCw/WovYR9GLy2IU0z4Q77smOB1DraSg=
github.com/aws/aws-sdk-go-v2/service/ssooidc v1.38.0 h1:tC323YV77QdafeBr6LUhLDTsboyuyHLNRwAyCP44kGU=
github.com/aws/aws-sdk-go-v2/service/ssooidc v1.38.0/go.mod h1:SfLK1sgviHmbI+MozR9iDwDjL4cdCVZtahsjoR+z7wg=
github.com/aws/aws-sdk-go-v2/service/sts v1.45.0 h1:Pd6PNlp4t8PTXxqzstICl52Wsy78vpjFZ7PRUj44mJc=
github.com/aws/aws-sdk-go-v2/service/sts v1.45.0/go.mod h1:rmQ0TnHzuLPmabgjPcsywhsSOmaBDgzR4zvDxSPsGdg=
github.com/aws/smithy-go v1.27.5 h1:d1ro7KpYOYwP6m73YFa+Kc/A130VsAdX68SpsJwARMM=
github.com/aws/smithy-go v1.27.5/go.mod h1:YE2RhdIuDbA5E5bTdciG9KrW3+TiEONeUWCqxX9i1Fc=
github.com/creack/pty v1.1.9/go.mod h1:oKZEueFk5CKHvIhNR5MUki03XCEU+Q6VDXinZuGJ33E=
github.com/davecgh/go-spew v1.1.1 h1:vj9j/u1bqnvCEfJOwUhtlOARqs3+rkHYY13jYWTU97c=
github.com/davecgh/go-spew v1.1.1/go.mod h1:J7Y8YcW2NihsgmVo/mv3lAwl/skON4iLHjSsI+c5H38=
github.com/google/uuid v1.6.0 h1:NIvaJDMOsjHA8n1jAhLSgzrAzy1Hgr+hNrb57e+94F0=
github.com/google/uuid v1.6.0/go.mod h1:TIyPZe4MgqvfeYDBFedMoGGpEw/LqOeaOT+nhxU+yHo=
github.com/gorilla/mux v1.8.1 h1:TuBL49tXwgrFYWhqrNgrUNEY92u81SPhu7sTdzQEiWY=
github.com/gorilla/mux v1.8.1/go.mod h1:AKf9I4AEqPTmMytcMc0KkNouC66V3BtZ4qD5fmWSiMQ=
github.com/kr/pretty v0.3.1 h1:flRD4NNwYAUpkphVc1HcthR4KEIFJ65n8Mw5qdRn3LE=
github.com/kr/pretty v0.3.1/go.mod h1:hoEshYVHaxMs3cyo3Yncou5ZscifuDolrwPKZanG3xk=
github.com/kr/text v0.2.0 h1:5Nx0Ya0ZqY2ygV366QzturHI13Jq95ApcVaJBhpS+AY=
github.com/kr/text v0.2.0/go.mod h1:eLer722TekiGuMkidMxC/pM04lWEeraHUUmBw8l2grE=
github.com/pmezard/go-difflib v1.0.0 h1:4DBwDE0NGyQoBHbLQYPwSUPoCMWR5BEzIk/f1lZbAQM=
github.com/pmezard/go-difflib v1.0.0/go.mod h1:iKH77koFhYxTK1pcRnkKkqfTogsbg7gZNVY4sRDYZ/4=
github.com/rogpeppe/go-internal v1.9.0 h1:73kH8U+JUqXU8lRuOHeVHaa/SZPifC7BkcraZVejAe8=
github.com/rogpeppe/go-internal v1.9.0/go.mod h1:WtVeX8xhTBvf0smdhujwtBcq4Qrzq/fJaraNFVN+nFs=
github.com/rs/cors v1.11.1 h1:eU3gRzXLRK57F5rKMGMZURNdIG4EoAmX8k94r9wXWHA=
github.com/rs/cors v1.11.1/go.mod h1:XyqrcTp5zjWr1wsJ8PIRZssZ8b/WMcMf71DJnit4EMU=
github.com/stretchr/objx v0.5.3 h1:jmXUvGomnU1o3W/V5h2VEradbpJDwGrzugQQvL0POH4=
github.com/stretchr/objx v0.5.3/go.mod h1:rDQraq+vQZU7Fde9LOZLr8Tax6zZvy4kuNKF+QYS+U0=
github.com/stretchr/testify v1.11.1 h1:7s2iGBzp5EwR7/aIZr8ao5+dra3wiQyKjjFuvgVKu7U=
github.com/stretchr/testify v1.11.1/go.mod h1:wZwfW3scLgRK+23gO65QZefKpKQRnfz6sD981Nm4B6U=
golang.org/x/crypto v0.54.0 h1:YLIA59K4fiNzHzjnZt2tUJQjQtUWfWbeHBqKtk3eScw=
golang.org/x/crypto v0.54.0/go.mod h1:KWL8ny2AZdGR2cWmzeHrp2azQPGogOv+HeQaVEXC2dk=
gopkg.in/check.v1 v0.0.0-20161208181325-20d25e280405/go.mod h1:Co6ibVJAznAaIkqp8huTwlJQCZ016jof/cbN4VW5Yz0=
gopkg.in/check.v1 v1.0.0-20201130134442-10cb98267c6c h1:Hei/4ADfdWqJk1ZMxUNpqntNwaWcugrBjAiHlqqRiVk=
gopkg.in/check.v1 v1.0.0-20201130134442-10cb98267c6c/go.mod h1:JHkPIbrfpd72SG/EVd6muEfDQjcINNoR0C8j2r3qZ4Q=
gopkg.in/yaml.v3 v3.0.1 h1:fxVm/GzAzEWqLHuvctI91KS9hhNmmWOoWu0XTYJS7CA=
gopkg.in/yaml.v3 v3.0.1/go.mod h1:K4uyk7z7BCEPqu6E+C64Yfv1cQ7kz7rIZviUmN+EgEM=
